
Microsoft Visual Studio Solution File, Format Version 12.00
# Visual Studio 14
VisualStudioVersion = 14.0.23107.0
MinimumVisualStudioVersion = 10.0.40219.1
Project("{2150E333-8FDC-42A3-9474-1A3956D46DE8}") = "src", "src", "{5C62913C-42A5-4485-9055-F7BCAD24FEC5}"
EndProject
Project("{2150E333-8FDC-42A3-9474-1A3956D46DE8}") = "Solution Items", "Solution Items", "{A224A52E-2FCA-4AAC-879B-CB3286E5AE5B}"
	ProjectSection(SolutionItems) = preProject
		global.json = global.json
	EndProjectSection
EndProject
Project("{8BB2217D-0F2D-49D1-97BC-3654ED321F3B}") = "AttendanceTracker", "src\AttendanceTracker\AttendanceTracker.xproj", "{78418209-A2C0-4469-B095-72A6BB9BDCFB}"
EndProject
Global
	GlobalSection(SolutionConfigurationPlatforms) = preSolution
		Debug|Any CPU = Debug|Any CPU
		Release|Any CPU = Release|Any CPU
	EndGlobalSection
	GlobalSection(ProjectConfigurationPlatforms) = postSolution
		{78418209-A2C0-4469-B095-72A6BB9BDCFB}.Debug|Any CPU.ActiveCfg = Debug|Any CPU
		{78418209-A2C0-4469-B095-72A6BB9BDCFB}.Debug|Any CPU.Build.0 = Debug|Any CPU
		{78418209-A2C0-4469-B095-72A6BB9BDCFB}.Release|Any CPU.ActiveCfg = Release|Any CPU
		{78418209-A2C0-4469-B095-72A6BB9BDCFB}.Release|Any CPU.Build.0 = Release|Any CPU
	EndGlobalSection
	GlobalSection(SolutionProperties) = preSolution
		HideSolutionNode = FALSE
	EndGlobalSection
	GlobalSection(NestedProjects) = preSolution
		{78418209-A2C0-4469-B095-72A6BB9BDCFB} = {5C62913C-42A5-4485-9055-F7BCAD24FEC5}
	EndGlobalSection
EndGlobal
